
Microsoft Visual Studio Solution File, Format Version 12.00
# Visual Studio Version 16
VisualStudioVersion = 16.0.30717.126
MinimumVisualStudioVersion = 10.0.40219.1
Project("{9A19103F-16F7-4668-BE54-9A1E7A4F7556}") = "HfConsole", "HfConsole\HfConsole.csproj", "{5F063D09-B38A-4371-94CD-C1A7E31268D1}"
EndProject
Project("{9A19103F-16F7-4668-BE54-9A1E7A4F7556}") = "HfLibrary", "HfLibrary\HfLibrary.csproj", "{F823EAEE-A65A-4AF3-A165-3A39B26774B0}"
EndProject
Project("{9A19103F-16F7-4668-BE54-9A1E7A4F7556}") = "SamplePlugin", "SamplePlugin\SamplePlugin.csproj", "{D7F24C44-E1EF-4D71-A768-CF86708C609E}"
EndProject
Global
	GlobalSection(SolutionConfigurationPlatforms) = preSolution
		Debug|Any CPU = Debug|Any CPU
		Release|Any CPU = Release|Any CPU
	EndGlobalSection
	GlobalSection(ProjectConfigurationPlatforms) = postSolution
		{5F063D09-B38A-4371-94CD-C1A7E31268D1}.Debug|Any CPU.ActiveCfg = Debug|Any CPU
		{5F063D09-B38A-4371-94CD-C1A7E31268D1}.Debug|Any CPU.Build.0 = Debug|Any CPU
		{5F063D09-B38A-4371-94CD-C1A7E31268D1}.Release|Any CPU.ActiveCfg = Release|Any CPU
		{5F063D09-B38A-4371-94CD-C1A7E31268D1}.Release|Any CPU.Build.0 = Release|Any CPU
		{F823EAEE-A65A-4AF3-A165-3A39B26774B0}.Debug|Any CPU.ActiveCfg = Debug|Any CPU
		{F823EAEE-A65A-4AF3-A165-3A39B26774B0}.Debug|Any CPU.Build.0 = Debug|Any CPU
		{F823EAEE-A65A-4AF3-A165-3A39B26774B0}.Release|Any CPU.ActiveCfg = Release|Any CPU
		{F823EAEE-A65A-4AF3-A165-3A39B26774B0}.Release|Any CPU.Build.0 = Release|Any CPU
		{D7F24C44-E1EF-4D71-A768-CF86708C609E}.Debug|Any CPU.ActiveCfg = Debug|Any CPU
		{D7F24C44-E1EF-4D71-A768-CF86708C609E}.Debug|Any CPU.Build.0 = Debug|Any CPU
		{D7F24C44-E1EF-4D71-A768-CF86708C609E}.Release|Any CPU.ActiveCfg = Release|Any CPU
		{D7F24C44-E1EF-4D71-A768-CF86708C609E}.Release|Any CPU.Build.0 = Release|Any CPU
	EndGlobalSection
	GlobalSection(SolutionProperties) = preSolution
		HideSolutionNode = FALSE
	EndGlobalSection
	GlobalSection(ExtensibilityGlobals) = postSolution
		SolutionGuid = {B63F7C67-5C23-40CF-83B0-0AC1FAF5BF25}
	EndGlobalSection
EndGlobal
